
Microsoft Visual Studio Solution File, Format Version 12.00
# Visual Studio Version 16
VisualStudioVersion = 16.0.29613.14
MinimumVisualStudioVersion = 10.0.40219.1
Project("{FAE04EC0-301F-11D3-BF4B-00C04F79EFBC}") = "msg.utility.excel", "msg.utility.excel\msg.utility.excel.csproj", "{32442F6B-24B1-4999-AB72-3486A2D0CAA2}"
EndProject
Global
	GlobalSection(SolutionConfigurationPlatforms) = preSolution
		Debug|Any CPU = Debug|Any CPU
		Release|Any CPU = Release|Any CPU
	EndGlobalSection
	GlobalSection(ProjectConfigurationPlatforms) = postSolution
		{32442F6B-24B1-4999-AB72-3486A2D0CAA2}.Debug|Any CPU.ActiveCfg = Debug|Any CPU
		{32442F6B-24B1-4999-AB72-3486A2D0CAA2}.Debug|Any CPU.Build.0 = Debug|Any CPU
		{32442F6B-24B1-4999-AB72-3486A2D0CAA2}.Release|Any CPU.ActiveCfg = Release|Any CPU
		{32442F6B-24B1-4999-AB72-3486A2D0CAA2}.Release|Any CPU.Build.0 = Release|Any CPU
	EndGlobalSection
	GlobalSection(SolutionProperties) = preSolution
		HideSolutionNode = FALSE
	EndGlobalSection
	GlobalSection(ExtensibilityGlobals) = postSolution
		SolutionGuid = {653C73BC-E7BF-4DEE-9DF6-FBCF67A8A615}
	EndGlobalSection
EndGlobal
